// !$*UTF8*$!
{
	archiveVersion = 1;
	classes = {
	};
	objectVersion = 50;
	objects = {

/* Begin PBXBuildFile section */
		5F464082248FC0E80043487A /* AppDelegate.swift in Sources */ = {isa = PBXBuildFile; fileRef = 5F464081248FC0E80043487A /* AppDelegate.swift */; };
		5F464084248FC0E80043487A /* SceneDelegate.swift in Sources */ = {isa = PBXBuildFile; fileRef = 5F464083248FC0E80043487A /* SceneDelegate.swift */; };
		5F464086248FC0E80043487A /* ViewController.swift in Sources */ = {isa = PBXBuildFile; fileRef = 5F464085248FC0E80043487A /* ViewController.swift */; };
		5F464089248FC0E80043487A /* Main.storyboard in Resources */ = {isa = PBXBuildFile; fileRef = 5F464087248FC0E80043487A /* Main.storyboard */; };
		5F46408B248FC0E90043487A /* Assets.xcassets in Resources */ = {isa = PBXBuildFile; fileRef = 5F46408A248FC0E90043487A /* Assets.xcassets */; };
		5F46408E248FC0E90043487A /* LaunchScreen.storyboard in Resources */ = {isa = PBXBuildFile; fileRef = 5F46408C248FC0E90043487A /* LaunchScreen.storyboard */; };
		5F464099248FC0E90043487A /* SampleAppTests.swift in Sources */ = {isa = PBXBuildFile; fileRef = 5F464098248FC0E90043487A /* SampleAppTests.swift */; };
		5F4640A4248FC0E90043487A /* SampleAppUITests.swift in Sources */ = {isa = PBXBuildFile; fileRef = 5F4640A3248FC0E90043487A /* SampleAppUITests.swift */; };
		5F4640B8248FF3D70043487A /* SignIn.storyboard in Resources */ = {isa = PBXBuildFile; fileRef = 5F4640B2248FF3D70043487A /* SignIn.storyboard */; };
		5F4640B9248FF3D70043487A /* SignInContract.swift in Sources */ = {isa = PBXBuildFile; fileRef = 5F4640B3248FF3D70043487A /* SignInContract.swift */; };
		5F4640BA248FF3D70043487A /* SignInPresenter.swift in Sources */ = {isa = PBXBuildFile; fileRef = 5F4640B4248FF3D70043487A /* SignInPresenter.swift */; };
		5F4640BB248FF3D70043487A /* SignInRouter.swift in Sources */ = {isa = PBXBuildFile; fileRef = 5F4640B5248FF3D70043487A /* SignInRouter.swift */; };
		5F4640BC248FF3D70043487A /* SignInViewController.swift in Sources */ = {isa = PBXBuildFile; fileRef = 5F4640B6248FF3D70043487A /* SignInViewController.swift */; };
		5F4640BD248FF3D70043487A /* SignInInteractor.swift in Sources */ = {isa = PBXBuildFile; fileRef = 5F4640B7248FF3D70043487A /* SignInInteractor.swift */; };
		5F4640BF248FF3EB0043487A /* SignIn.swift in Sources */ = {isa = PBXBuildFile; fileRef = 5F4640BE248FF3EB0043487A /* SignIn.swift */; };
		5F4640C5248FF56A0043487A /* SignInPresenterTests.swift in Sources */ = {isa = PBXBuildFile; fileRef = 5F4640C4248FF56A0043487A /* SignInPresenterTests.swift */; };
		5F4640CB2491437B0043487A /* MockSignInDisplay.swift in Sources */ = {isa = PBXBuildFile; fileRef = 5F4640CA2491437B0043487A /* MockSignInDisplay.swift */; };
		897A45F8884D6D5F422F5E19 /* Pods_SampleApp_SampleAppUITests.framework in Frameworks */ = {isa = PBXBuildFile; fileRef = F7320F1B19F7AE6D7E92F737 /* Pods_SampleApp_SampleAppUITests.framework */; };
		9CD725858BF5B395FCC410DA /* Pods_SampleAppTests.framework in Frameworks */ = {isa = PBXBuildFile; fileRef = 862EEA4E3CB14D4FE6CAEA87 /* Pods_SampleAppTests.framework */; };
		AD9CEAB70D62071E04FE8204 /* Pods_SampleApp.framework in Frameworks */ = {isa = PBXBuildFile; fileRef = C16FA80125B45D9C1E8285C8 /* Pods_SampleApp.framework */; };
/* End PBXBuildFile section */

/* Begin PBXContainerItemProxy section */
		5F464095248FC0E90043487A /* PBXContainerItemProxy */ = {
			isa = PBXContainerItemProxy;
			containerPortal = 5F464076248FC0E80043487A /* Project object */;
			proxyType = 1;
			remoteGlobalIDString = 5F46407D248FC0E80043487A;
			remoteInfo = SampleApp;
		};
		5F4640A0248FC0E90043487A /* PBXContainerItemProxy */ = {
			isa = PBXContainerItemProxy;
			containerPortal = 5F464076248FC0E80043487A /* Project object */;
			proxyType = 1;
			remoteGlobalIDString = 5F46407D248FC0E80043487A;
			remoteInfo = SampleApp;
		};
/* End PBXContainerItemProxy section */

/* Begin PBXFileReference section */
		2DE56BD6E53273FBC9441A42 /* Pods-SampleApp-SampleAppUITests.release.xcconfig */ = {isa = PBXFileReference; includeInIndex = 1; lastKnownFileType = text.xcconfig; name = "Pods-SampleApp-SampleAppUITests.release.xcconfig"; path = "Target Support Files/Pods-SampleApp-SampleAppUITests/Pods-SampleApp-SampleAppUITests.release.xcconfig"; sourceTree = "<group>"; };
		3E76A9B86B3DB18C9FB579B1 /* Pods-SampleAppTests.debug.xcconfig */ = {isa = PBXFileReference; includeInIndex = 1; lastKnownFileType = text.xcconfig; name = "Pods-SampleAppTests.debug.xcconfig"; path = "Target Support Files/Pods-SampleAppTests/Pods-SampleAppTests.debug.xcconfig"; sourceTree = "<group>"; };
		5F46407E248FC0E80043487A /* SampleApp.app */ = {isa = PBXFileReference; explicitFileType = wrapper.application; includeInIndex = 0; path = SampleApp.app; sourceTree = BUILT_PRODUCTS_DIR; };
		5F464081248FC0E80043487A /* AppDelegate.swift */ = {isa = PBXFileReference; lastKnownFileType = sourcecode.swift; path = AppDelegate.swift; sourceTree = "<group>"; };
		5F464083248FC0E80043487A /* SceneDelegate.swift */ = {isa = PBXFileReference; lastKnownFileType = sourcecode.swift; path = SceneDelegate.swift; sourceTree = "<group>"; };
		5F464085248FC0E80043487A /* ViewController.swift */ = {isa = PBXFileReference; lastKnownFileType = sourcecode.swift; path = ViewController.swift; sourceTree = "<group>"; };
		5F464088248FC0E80043487A /* Base */ = {isa = PBXFileReference; lastKnownFileType = file.storyboard; name = Base; path = Base.lproj/Main.storyboard; sourceTree = "<group>"; };
		5F46408A248FC0E90043487A /* Assets.xcassets */ = {isa = PBXFileReference; lastKnownFileType = folder.assetcatalog; path = Assets.xcassets; sourceTree = "<group>"; };
		5F46408D248FC0E90043487A /* Base */ = {isa = PBXFileReference; lastKnownFileType = file.storyboard; name = Base; path = Base.lproj/LaunchScreen.storyboard; sourceTree = "<group>"; };
		5F46408F248FC0E90043487A /* Info.plist */ = {isa = PBXFileReference; lastKnownFileType = text.plist.xml; path = Info.plist; sourceTree = "<group>"; };
		5F464094248FC0E90043487A /* SampleAppTests.xctest */ = {isa = PBXFileReference; explicitFileType = wrapper.cfbundle; includeInIndex = 0; path = SampleAppTests.xctest; sourceTree = BUILT_PRODUCTS_DIR; };
		5F464098248FC0E90043487A /* SampleAppTests.swift */ = {isa = PBXFileReference; lastKnownFileType = sourcecode.swift; path = SampleAppTests.swift; sourceTree = "<group>"; };
		5F46409A248FC0E90043487A /* Info.plist */ = {isa = PBXFileReference; lastKnownFileType = text.plist.xml; path = Info.plist; sourceTree = "<group>"; };
		5F46409F248FC0E90043487A /* SampleAppUITests.xctest */ = {isa = PBXFileReference; explicitFileType = wrapper.cfbundle; includeInIndex = 0; path = SampleAppUITests.xctest; sourceTree = BUILT_PRODUCTS_DIR; };
		5F4640A3248FC0E90043487A /* SampleAppUITests.swift */ = {isa = PBXFileReference; lastKnownFileType = sourcecode.swift; path = SampleAppUITests.swift; sourceTree = "<group>"; };
		5F4640A5248FC0E90043487A /* Info.plist */ = {isa = PBXFileReference; lastKnownFileType = text.plist.xml; path = Info.plist; sourceTree = "<group>"; };
		5F4640B2248FF3D70043487A /* SignIn.storyboard */ = {isa = PBXFileReference; lastKnownFileType = file.storyboard; path = SignIn.storyboard; sourceTree = "<group>"; };
		5F4640B3248FF3D70043487A /* SignInContract.swift */ = {isa = PBXFileReference; lastKnownFileType = sourcecode.swift; path = SignInContract.swift; sourceTree = "<group>"; };
		5F4640B4248FF3D70043487A /* SignInPresenter.swift */ = {isa = PBXFileReference; lastKnownFileType = sourcecode.swift; path = SignInPresenter.swift; sourceTree = "<group>"; };
		5F4640B5248FF3D70043487A /* SignInRouter.swift */ = {isa = PBXFileReference; lastKnownFileType = sourcecode.swift; path = SignInRouter.swift; sourceTree = "<group>"; };
		5F4640B6248FF3D70043487A /* SignInViewController.swift */ = {isa = PBXFileReference; lastKnownFileType = sourcecode.swift; path = SignInViewController.swift; sourceTree = "<group>"; };
		5F4640B7248FF3D70043487A /* SignInInteractor.swift */ = {isa = PBXFileReference; lastKnownFileType = sourcecode.swift; path = SignInInteractor.swift; sourceTree = "<group>"; };
		5F4640BE248FF3EB0043487A /* SignIn.swift */ = {isa = PBXFileReference; lastKnownFileType = sourcecode.swift; path = SignIn.swift; sourceTree = "<group>"; };
		5F4640C4248FF56A0043487A /* SignInPresenterTests.swift */ = {isa = PBXFileReference; lastKnownFileType = sourcecode.swift; path = SignInPresenterTests.swift; sourceTree = "<group>"; };
		5F4640CA2491437B0043487A /* MockSignInDisplay.swift */ = {isa = PBXFileReference; lastKnownFileType = sourcecode.swift; path = MockSignInDisplay.swift; sourceTree = "<group>"; };
		741E9A827BF83AFE80630CEF /* Pods-SampleAppTests.release.xcconfig */ = {isa = PBXFileReference; includeInIndex = 1; lastKnownFileType = text.xcconfig; name = "Pods-SampleAppTests.release.xcconfig"; path = "Target Support Files/Pods-SampleAppTests/Pods-SampleAppTests.release.xcconfig"; sourceTree = "<group>"; };
		862EEA4E3CB14D4FE6CAEA87 /* Pods_SampleAppTests.framework */ = {isa = PBXFileReference; explicitFileType = wrapper.framework; includeInIndex = 0; path = Pods_SampleAppTests.framework; sourceTree = BUILT_PRODUCTS_DIR; };
		ABCA46C34B7BD3E5F81BB110 /* Pods-SampleApp.release.xcconfig */ = {isa = PBXFileReference; includeInIndex = 1; lastKnownFileType = text.xcconfig; name = "Pods-SampleApp.release.xcconfig"; path = "Target Support Files/Pods-SampleApp/Pods-SampleApp.release.xcconfig"; sourceTree = "<group>"; };
		C16FA80125B45D9C1E8285C8 /* Pods_SampleApp.framework */ = {isa = PBXFileReference; explicitFileType = wrapper.framework; includeInIndex = 0; path = Pods_SampleApp.framework; sourceTree = BUILT_PRODUCTS_DIR; };
		CFE132395DAC7C1F36850138 /* Pods-SampleApp.debug.xcconfig */ = {isa = PBXFileReference; includeInIndex = 1; lastKnownFileType = text.xcconfig; name = "Pods-SampleApp.debug.xcconfig"; path = "Target Support Files/Pods-SampleApp/Pods-SampleApp.debug.xcconfig"; sourceTree = "<group>"; };
		F7320F1B19F7AE6D7E92F737 /* Pods_SampleApp_SampleAppUITests.framework */ = {isa = PBXFileReference; explicitFileType = wrapper.framework; includeInIndex = 0; path = Pods_SampleApp_SampleAppUITests.framework; sourceTree = BUILT_PRODUCTS_DIR; };
		FD6B0E06664189388C31892E /* Pods-SampleApp-SampleAppUITests.debug.xcconfig */ = {isa = PBXFileReference; includeInIndex = 1; lastKnownFileType = text.xcconfig; name = "Pods-SampleApp-SampleAppUITests.debug.xcconfig"; path = "Target Support Files/Pods-SampleApp-SampleAppUITests/Pods-SampleApp-SampleAppUITests.debug.xcconfig"; sourceTree = "<group>"; };
/* End PBXFileReference section */

/* Begin PBXFrameworksBuildPhase section */
		5F46407B248FC0E80043487A /* Frameworks */ = {
			isa = PBXFrameworksBuildPhase;
			buildActionMask = 2147483647;
			files = (
				AD9CEAB70D62071E04FE8204 /* Pods_SampleApp.framework in Frameworks */,
			);
			runOnlyForDeploymentPostprocessing = 0;
		};
		5F464091248FC0E90043487A /* Frameworks */ = {
			isa = PBXFrameworksBuildPhase;
			buildActionMask = 2147483647;
			files = (
				9CD725858BF5B395FCC410DA /* Pods_SampleAppTests.framework in Frameworks */,
			);
			runOnlyForDeploymentPostprocessing = 0;
		};
		5F46409C248FC0E90043487A /* Frameworks */ = {
			isa = PBXFrameworksBuildPhase;
			buildActionMask = 2147483647;
			files = (
				897A45F8884D6D5F422F5E19 /* Pods_SampleApp_SampleAppUITests.framework in Frameworks */,
			);
			runOnlyForDeploymentPostprocessing = 0;
		};
/* End PBXFrameworksBuildPhase section */

/* Begin PBXGroup section */
		47C8F9D11ADA6920039781F2 /* Frameworks */ = {
			isa = PBXGroup;
			children = (
				C16FA80125B45D9C1E8285C8 /* Pods_SampleApp.framework */,
				F7320F1B19F7AE6D7E92F737 /* Pods_SampleApp_SampleAppUITests.framework */,
				862EEA4E3CB14D4FE6CAEA87 /* Pods_SampleAppTests.framework */,
			);
			name = Frameworks;
			sourceTree = "<group>";
		};
		5F464075248FC0E80043487A = {
			isa = PBXGroup;
			children = (
				5F464080248FC0E80043487A /* SampleApp */,
				5F464097248FC0E90043487A /* SampleAppTests */,
				5F4640A2248FC0E90043487A /* SampleAppUITests */,
				5F46407F248FC0E80043487A /* Products */,
				68381FDF23F7D9BA874AECA0 /* Pods */,
				47C8F9D11ADA6920039781F2 /* Frameworks */,
			);
			sourceTree = "<group>";
		};
		5F46407F248FC0E80043487A /* Products */ = {
			isa = PBXGroup;
			children = (
				5F46407E248FC0E80043487A /* SampleApp.app */,
				5F464094248FC0E90043487A /* SampleAppTests.xctest */,
				5F46409F248FC0E90043487A /* SampleAppUITests.xctest */,
			);
			name = Products;
			sourceTree = "<group>";
		};
		5F464080248FC0E80043487A /* SampleApp */ = {
			isa = PBXGroup;
			children = (
				5F4640B1248FF3C20043487A /* SignIn */,
				5F464081248FC0E80043487A /* AppDelegate.swift */,
				5F464083248FC0E80043487A /* SceneDelegate.swift */,
				5F464085248FC0E80043487A /* ViewController.swift */,
				5F464087248FC0E80043487A /* Main.storyboard */,
				5F46408A248FC0E90043487A /* Assets.xcassets */,
				5F46408C248FC0E90043487A /* LaunchScreen.storyboard */,
				5F46408F248FC0E90043487A /* Info.plist */,
			);
			path = SampleApp;
			sourceTree = "<group>";
		};
		5F464097248FC0E90043487A /* SampleAppTests */ = {
			isa = PBXGroup;
			children = (
				5F4640C0248FF45D0043487A /* SignInTests */,
				5F464098248FC0E90043487A /* SampleAppTests.swift */,
				5F46409A248FC0E90043487A /* Info.plist */,
			);
			path = SampleAppTests;
			sourceTree = "<group>";
		};
		5F4640A2248FC0E90043487A /* SampleAppUITests */ = {
			isa = PBXGroup;
			children = (
				5F4640A3248FC0E90043487A /* SampleAppUITests.swift */,
				5F4640A5248FC0E90043487A /* Info.plist */,
			);
			path = SampleAppUITests;
			sourceTree = "<group>";
		};
		5F4640B1248FF3C20043487A /* SignIn */ = {
			isa = PBXGroup;
			children = (
				5F4640B2248FF3D70043487A /* SignIn.storyboard */,
				5F4640B3248FF3D70043487A /* SignInContract.swift */,
				5F4640B4248FF3D70043487A /* SignInPresenter.swift */,
				5F4640B5248FF3D70043487A /* SignInRouter.swift */,
				5F4640B6248FF3D70043487A /* SignInViewController.swift */,
				5F4640B7248FF3D70043487A /* SignInInteractor.swift */,
				5F4640BE248FF3EB0043487A /* SignIn.swift */,
			);
			path = SignIn;
			sourceTree = "<group>";
		};
		5F4640C0248FF45D0043487A /* SignInTests */ = {
			isa = PBXGroup;
			children = (
				5F4640C4248FF56A0043487A /* SignInPresenterTests.swift */,
				5F4640CA2491437B0043487A /* MockSignInDisplay.swift */,
			);
			path = SignInTests;
			sourceTree = "<group>";
		};
		68381FDF23F7D9BA874AECA0 /* Pods */ = {
			isa = PBXGroup;
			children = (
				CFE132395DAC7C1F36850138 /* Pods-SampleApp.debug.xcconfig */,
				ABCA46C34B7BD3E5F81BB110 /* Pods-SampleApp.release.xcconfig */,
				FD6B0E06664189388C31892E /* Pods-SampleApp-SampleAppUITests.debug.xcconfig */,
				2DE56BD6E53273FBC9441A42 /* Pods-SampleApp-SampleAppUITests.release.xcconfig */,
				3E76A9B86B3DB18C9FB579B1 /* Pods-SampleAppTests.debug.xcconfig */,
				741E9A827BF83AFE80630CEF /* Pods-SampleAppTests.release.xcconfig */,
			);
			path = Pods;
			sourceTree = "<group>";
		};
/* End PBXGroup section */

/* Begin PBXNativeTarget section */
		5F46407D248FC0E80043487A /* SampleApp */ = {
			isa = PBXNativeTarget;
			buildConfigurationList = 5F4640A8248FC0E90043487A /* Build configuration list for PBXNativeTarget "SampleApp" */;
			buildPhases = (
				ACA7EB8D7CE0627E62E4812C /* [CP] Check Pods Manifest.lock */,
				5F46407A248FC0E80043487A /* Sources */,
				5F46407B248FC0E80043487A /* Frameworks */,
				5F46407C248FC0E80043487A /* Resources */,
			);
			buildRules = (
			);
			dependencies = (
			);
			name = SampleApp;
			productName = SampleApp;
			productReference = 5F46407E248FC0E80043487A /* SampleApp.app */;
			productType = "com.apple.product-type.application";
		};
		5F464093248FC0E90043487A /* SampleAppTests */ = {
			isa = PBXNativeTarget;
			buildConfigurationList = 5F4640AB248FC0E90043487A /* Build configuration list for PBXNativeTarget "SampleAppTests" */;
			buildPhases = (
				E43B4881B108AF2C87121F9C /* [CP] Check Pods Manifest.lock */,
				5F464090248FC0E90043487A /* Sources */,
				5F464091248FC0E90043487A /* Frameworks */,
				5F464092248FC0E90043487A /* Resources */,
			);
			buildRules = (
			);
			dependencies = (
				5F464096248FC0E90043487A /* PBXTargetDependency */,
			);
			name = SampleAppTests;
			productName = SampleAppTests;
			productReference = 5F464094248FC0E90043487A /* SampleAppTests.xctest */;
			productType = "com.apple.product-type.bundle.unit-test";
		};
		5F46409E248FC0E90043487A /* SampleAppUITests */ = {
			isa = PBXNativeTarget;
			buildConfigurationList = 5F4640AE248FC0E90043487A /* Build configuration list for PBXNativeTarget "SampleAppUITests" */;
			buildPhases = (
				40A7555C5656A23D2BC7972D /* [CP] Check Pods Manifest.lock */,
				5F46409B248FC0E90043487A /* Sources */,
				5F46409C248FC0E90043487A /* Frameworks */,
				5F46409D248FC0E90043487A /* Resources */,
			);
			buildRules = (
			);
			dependencies = (
				5F4640A1248FC0E90043487A /* PBXTargetDependency */,
			);
			name = SampleAppUITests;
			productName = SampleAppUITests;
			productReference = 5F46409F248FC0E90043487A /* SampleAppUITests.xctest */;
			productType = "com.apple.product-type.bundle.ui-testing";
		};
/* End PBXNativeTarget section */

/* Begin PBXProject section */
		5F464076248FC0E80043487A /* Project object */ = {
			isa = PBXProject;
			attributes = {
				LastSwiftUpdateCheck = 1140;
				LastUpgradeCheck = 1140;
				ORGANIZATIONNAME = "Ramineni Sunanda";
				TargetAttributes = {
					5F46407D248FC0E80043487A = {
						CreatedOnToolsVersion = 11.4.1;
					};
					5F464093248FC0E90043487A = {
						CreatedOnToolsVersion = 11.4.1;
						TestTargetID = 5F46407D248FC0E80043487A;
					};
					5F46409E248FC0E90043487A = {
						CreatedOnToolsVersion = 11.4.1;
						TestTargetID = 5F46407D248FC0E80043487A;
					};
				};
			};
			buildConfigurationList = 5F464079248FC0E80043487A /* Build configuration list for PBXProject "SampleApp" */;
			compatibilityVersion = "Xcode 9.3";
			developmentRegion = en;
			hasScannedForEncodings = 0;
			knownRegions = (
				en,
				Base,
			);
			mainGroup = 5F464075248FC0E80043487A;
			productRefGroup = 5F46407F248FC0E80043487A /* Products */;
			projectDirPath = "";
			projectRoot = "";
			targets = (
				5F46407D248FC0E80043487A /* SampleApp */,
				5F464093248FC0E90043487A /* SampleAppTests */,
				5F46409E248FC0E90043487A /* SampleAppUITests */,
			);
		};
/* End PBXProject section */

/* Begin PBXResourcesBuildPhase section */
		5F46407C248FC0E80043487A /* Resources */ = {
			isa = PBXResourcesBuildPhase;
			buildActionMask = 2147483647;
			files = (
				5F4640B8248FF3D70043487A /* SignIn.storyboard in Resources */,
				5F46408E248FC0E90043487A /* LaunchScreen.storyboard in Resources */,
				5F46408B248FC0E90043487A /* Assets.xcassets in Resources */,
				5F464089248FC0E80043487A /* Main.storyboard in Resources */,
			);
			runOnlyForDeploymentPostprocessing = 0;
		};
		5F464092248FC0E90043487A /* Resources */ = {
			isa = PBXResourcesBuildPhase;
			buildActionMask = 2147483647;
			files = (
			);
			runOnlyForDeploymentPostprocessing = 0;
		};
		5F46409D248FC0E90043487A /* Resources */ = {
			isa = PBXResourcesBuildPhase;
			buildActionMask = 2147483647;
			files = (
			);
			runOnlyForDeploymentPostprocessing = 0;
		};
/* End PBXResourcesBuildPhase section */

/* Begin PBXShellScriptBuildPhase section */
		40A7555C5656A23D2BC7972D /* [CP] Check Pods Manifest.lock */ = {
			isa = PBXShellScriptBuildPhase;
			buildActionMask = 2147483647;
			files = (
			);
			inputFileListPaths = (
			);
			inputPaths = (
				"${PODS_PODFILE_DIR_PATH}/Podfile.lock",
				"${PODS_ROOT}/Manifest.lock",
			);
			name = "[CP] Check Pods Manifest.lock";
			outputFileListPaths = (
			);
			outputPaths = (
				"$(DERIVED_FILE_DIR)/Pods-SampleApp-SampleAppUITests-checkManifestLockResult.txt",
			);
			runOnlyForDeploymentPostprocessing = 0;
			shellPath = /bin/sh;
			shellScript = "diff \"${PODS_PODFILE_DIR_PATH}/Podfile.lock\" \"${PODS_ROOT}/Manifest.lock\" > /dev/null\nif [ $? != 0 ] ; then\n    # print error to STDERR\n    echo \"error: The sandbox is not in sync with the Podfile.lock. Run 'pod install' or update your CocoaPods installation.\" >&2\n    exit 1\nfi\n# This output is used by Xcode 'outputs' to avoid re-running this script phase.\necho \"SUCCESS\" > \"${SCRIPT_OUTPUT_FILE_0}\"\n";
			showEnvVarsInLog = 0;
		};
		ACA7EB8D7CE0627E62E4812C /* [CP] Check Pods Manifest.lock */ = {
			isa = PBXShellScriptBuildPhase;
			buildActionMask = 2147483647;
			files = (
			);
			inputFileListPaths = (
			);
			inputPaths = (
				"${PODS_PODFILE_DIR_PATH}/Podfile.lock",
				"${PODS_ROOT}/Manifest.lock",
			);
			name = "[CP] Check Pods Manifest.lock";
			outputFileListPaths = (
			);
			outputPaths = (
				"$(DERIVED_FILE_DIR)/Pods-SampleApp-checkManifestLockResult.txt",
			);
			runOnlyForDeploymentPostprocessing = 0;
			shellPath = /bin/sh;
			shellScript = "diff \"${PODS_PODFILE_DIR_PATH}/Podfile.lock\" \"${PODS_ROOT}/Manifest.lock\" > /dev/null\nif [ $? != 0 ] ; then\n    # print error to STDERR\n    echo \"error: The sandbox is not in sync with the Podfile.lock. Run 'pod install' or update your CocoaPods installation.\" >&2\n    exit 1\nfi\n# This output is used by Xcode 'outputs' to avoid re-running this script phase.\necho \"SUCCESS\" > \"${SCRIPT_OUTPUT_FILE_0}\"\n";
			showEnvVarsInLog = 0;
		};
		E43B4881B108AF2C87121F9C /* [CP] Check Pods Manifest.lock */ = {
			isa = PBXShellScriptBuildPhase;
			buildActionMask = 2147483647;
			files = (
			);
			inputFileListPaths = (
			);
			inputPaths = (
				"${PODS_PODFILE_DIR_PATH}/Podfile.lock",
				"${PODS_ROOT}/Manifest.lock",
			);
			name = "[CP] Check Pods Manifest.lock";
			outputFileListPaths = (
			);
			outputPaths = (
				"$(DERIVED_FILE_DIR)/Pods-SampleAppTests-checkManifestLockResult.txt",
			);
			runOnlyForDeploymentPostprocessing = 0;
			shellPath = /bin/sh;
			shellScript = "diff \"${PODS_PODFILE_DIR_PATH}/Podfile.lock\" \"${PODS_ROOT}/Manifest.lock\" > /dev/null\nif [ $? != 0 ] ; then\n    # print error to STDERR\n    echo \"error: The sandbox is not in sync with the Podfile.lock. Run 'pod install' or update your CocoaPods installation.\" >&2\n    exit 1\nfi\n# This output is used by Xcode 'outputs' to avoid re-running this script phase.\necho \"SUCCESS\" > \"${SCRIPT_OUTPUT_FILE_0}\"\n";
			showEnvVarsInLog = 0;
		};
/* End PBXShellScriptBuildPhase section */

/* Begin PBXSourcesBuildPhase section */
		5F46407A248FC0E80043487A /* Sources */ = {
			isa = PBXSourcesBuildPhase;
			buildActionMask = 2147483647;
			files = (
				5F4640BC248FF3D70043487A /* SignInViewController.swift in Sources */,
				5F4640BF248FF3EB0043487A /* SignIn.swift in Sources */,
				5F4640BB248FF3D70043487A /* SignInRouter.swift in Sources */,
				5F464086248FC0E80043487A /* ViewController.swift in Sources */,
				5F4640B9248FF3D70043487A /* SignInContract.swift in Sources */,
				5F4640BD248FF3D70043487A /* SignInInteractor.swift in Sources */,
				5F464082248FC0E80043487A /* AppDelegate.swift in Sources */,
				5F464084248FC0E80043487A /* SceneDelegate.swift in Sources */,
				5F4640BA248FF3D70043487A /* SignInPresenter.swift in Sources */,
			);
			runOnlyForDeploymentPostprocessing = 0;
		};
		5F464090248FC0E90043487A /* Sources */ = {
			isa = PBXSourcesBuildPhase;
			buildActionMask = 2147483647;
			files = (
				5F4640C5248FF56A0043487A /* SignInPresenterTests.swift in Sources */,
				5F464099248FC0E90043487A /* SampleAppTests.swift in Sources */,
				5F4640CB2491437B0043487A /* MockSignInDisplay.swift in Sources */,
			);
			runOnlyForDeploymentPostprocessing = 0;
		};
		5F46409B248FC0E90043487A /* Sources */ = {
			isa = PBXSourcesBuildPhase;
			buildActionMask = 2147483647;
			files = (
				5F4640A4248FC0E90043487A /* SampleAppUITests.swift in Sources */,
			);
			runOnlyForDeploymentPostprocessing = 0;
		};
/* End PBXSourcesBuildPhase section */

/* Begin PBXTargetDependency section */
		5F464096248FC0E90043487A /* PBXTargetDependency */ = {
			isa = PBXTargetDependency;
			target = 5F46407D248FC0E80043487A /* SampleApp */;
			targetProxy = 5F464095248FC0E90043487A /* PBXContainerItemProxy */;
		};
		5F4640A1248FC0E90043487A /* PBXTargetDependency */ = {
			isa = PBXTargetDependency;
			target = 5F46407D248FC0E80043487A /* SampleApp */;
			targetProxy = 5F4640A0248FC0E90043487A /* PBXContainerItemProxy */;
		};
/* End PBXTargetDependency section */

/* Begin PBXVariantGroup section */
		5F464087248FC0E80043487A /* Main.storyboard */ = {
			isa = PBXVariantGroup;
			children = (
				5F464088248FC0E80043487A /* Base */,
			);
			name = Main.storyboard;
			sourceTree = "<group>";
		};
		5F46408C248FC0E90043487A /* LaunchScreen.storyboard */ = {
			isa = PBXVariantGroup;
			children = (
				5F46408D248FC0E90043487A /* Base */,
			);
			name = LaunchScreen.storyboard;
			sourceTree = "<group>";
		};
/* End PBXVariantGroup section */

/* Begin XCBuildConfiguration section */
		5F4640A6248FC0E90043487A /* Debug */ = {
			isa = XCBuildConfiguration;
			buildSettings = {
				ALWAYS_SEARCH_USER_PATHS = NO;
				CLANG_ANALYZER_NONNULL = YES;
				CLANG_ANALYZER_NUMBER_OBJECT_CONVERSION = YES_AGGRESSIVE;
				CLANG_CXX_LANGUAGE_STANDARD = "gnu++14";
				CLANG_CXX_LIBRARY = "libc++";
				CLANG_ENABLE_MODULES = YES;
				CLANG_ENABLE_OBJC_ARC = YES;
				CLANG_ENABLE_OBJC_WEAK = YES;
				CLANG_WARN_BLOCK_CAPTURE_AUTORELEASING = YES;
				CLANG_WARN_BOOL_CONVERSION = YES;
				CLANG_WARN_COMMA = YES;
				CLANG_WARN_CONSTANT_CONVERSION = YES;
				CLANG_WARN_DEPRECATED_OBJC_IMPLEMENTATIONS = YES;
				CLANG_WARN_DIRECT_OBJC_ISA_USAGE = YES_ERROR;
				CLANG_WARN_DOCUMENTATION_COMMENTS = YES;
				CLANG_WARN_EMPTY_BODY = YES;
				CLANG_WARN_ENUM_CONVERSION = YES;
				CLANG_WARN_INFINITE_RECURSION = YES;
				CLANG_WARN_INT_CONVERSION = YES;
				CLANG_WARN_NON_LITERAL_NULL_CONVERSION = YES;
				CLANG_WARN_OBJC_IMPLICIT_RETAIN_SELF = YES;
				CLANG_WARN_OBJC_LITERAL_CONVERSION = YES;
				CLANG_WARN_OBJC_ROOT_CLASS = YES_ERROR;
				CLANG_WARN_RANGE_LOOP_ANALYSIS = YES;
				CLANG_WARN_STRICT_PROTOTYPES = YES;
				CLANG_WARN_SUSPICIOUS_MOVE = YES;
				CLANG_WARN_UNGUARDED_AVAILABILITY = YES_AGGRESSIVE;
				CLANG_WARN_UNREACHABLE_CODE = YES;
				CLANG_WARN__DUPLICATE_METHOD_MATCH = YES;
				COPY_PHASE_STRIP = NO;
				DEBUG_INFORMATION_FORMAT = dwarf;
				ENABLE_STRICT_OBJC_MSGSEND = YES;
				ENABLE_TESTABILITY = YES;
				GCC_C_LANGUAGE_STANDARD = gnu11;
				GCC_DYNAMIC_NO_PIC = NO;
				GCC_NO_COMMON_BLOCKS = YES;
				GCC_OPTIMIZATION_LEVEL = 0;
				GCC_PREPROCESSOR_DEFINITIONS = (
					"DEBUG=1",
					"$(inherited)",
				);
				GCC_WARN_64_TO_32_BIT_CONVERSION = YES;
				GCC_WARN_ABOUT_RETURN_TYPE = YES_ERROR;
				GCC_WARN_UNDECLARED_SELECTOR = YES;
				GCC_WARN_UNINITIALIZED_AUTOS = YES_AGGRESSIVE;
				GCC_WARN_UNUSED_FUNCTION = YES;
				GCC_WARN_UNUSED_VARIABLE = YES;
				IPHONEOS_DEPLOYMENT_TARGET = 13.4;
				MTL_ENABLE_DEBUG_INFO = INCLUDE_SOURCE;
				MTL_FAST_MATH = YES;
				ONLY_ACTIVE_ARCH = YES;
				SDKROOT = iphoneos;
				SWIFT_ACTIVE_COMPILATION_CONDITIONS = DEBUG;
				SWIFT_OPTIMIZATION_LEVEL = "-Onone";
			};
			name = Debug;
		};
		5F4640A7248FC0E90043487A /* Release */ = {
			isa = XCBuildConfiguration;
			buildSettings = {
				ALWAYS_SEARCH_USER_PATHS = NO;
				CLANG_ANALYZER_NONNULL = YES;
				CLANG_ANALYZER_NUMBER_OBJECT_CONVERSION = YES_AGGRESSIVE;
				CLANG_CXX_LANGUAGE_STANDARD = "gnu++14";
				CLANG_CXX_LIBRARY = "libc++";
				CLANG_ENABLE_MODULES = YES;
				CLANG_ENABLE_OBJC_ARC = YES;
				CLANG_ENABLE_OBJC_WEAK = YES;
				CLANG_WARN_BLOCK_CAPTURE_AUTORELEASING = YES;
				CLANG_WARN_BOOL_CONVERSION = YES;
				CLANG_WARN_COMMA = YES;
				CLANG_WARN_CONSTANT_CONVERSION = YES;
				CLANG_WARN_DEPRECATED_OBJC_IMPLEMENTATIONS = YES;
				CLANG_WARN_DIRECT_OBJC_ISA_USAGE = YES_ERROR;
				CLANG_WARN_DOCUMENTATION_COMMENTS = YES;
				CLANG_WARN_EMPTY_BODY = YES;
				CLANG_WARN_ENUM_CONVERSION = YES;
				CLANG_WARN_INFINITE_RECURSION = YES;
				CLANG_WARN_INT_CONVERSION = YES;
				CLANG_WARN_NON_LITERAL_NULL_CONVERSION = YES;
				CLANG_WARN_OBJC_IMPLICIT_RETAIN_SELF = YES;
				CLANG_WARN_OBJC_LITERAL_CONVERSION = YES;
				CLANG_WARN_OBJC_ROOT_CLASS = YES_ERROR;
				CLANG_WARN_RANGE_LOOP_ANALYSIS = YES;
				CLANG_WARN_STRICT_PROTOTYPES = YES;
				CLANG_WARN_SUSPICIOUS_MOVE = YES;
				CLANG_WARN_UNGUARDED_AVAILABILITY = YES_AGGRESSIVE;
				CLANG_WARN_UNREACHABLE_CODE = YES;
				CLANG_WARN__DUPLICATE_METHOD_MATCH = YES;
				COPY_PHASE_STRIP = NO;
				DEBUG_INFORMATION_FORMAT = "dwarf-with-dsym";
				ENABLE_NS_ASSERTIONS = NO;
				ENABLE_STRICT_OBJC_MSGSEND = YES;
				GCC_C_LANGUAGE_STANDARD = gnu11;
				GCC_NO_COMMON_BLOCKS = YES;
				GCC_WARN_64_TO_32_BIT_CONVERSION = YES;
				GCC_WARN_ABOUT_RETURN_TYPE = YES_ERROR;
				GCC_WARN_UNDECLARED_SELECTOR = YES;
				GCC_WARN_UNINITIALIZED_AUTOS = YES_AGGRESSIVE;
				GCC_WARN_UNUSED_FUNCTION = YES;
				GCC_WARN_UNUSED_VARIABLE = YES;
				IPHONEOS_DEPLOYMENT_TARGET = 13.4;
				MTL_ENABLE_DEBUG_INFO = NO;
				MTL_FAST_MATH = YES;
				SDKROOT = iphoneos;
				SWIFT_COMPILATION_MODE = wholemodule;
				SWIFT_OPTIMIZATION_LEVEL = "-O";
				VALIDATE_PRODUCT = YES;
			};
			name = Release;
		};
		5F4640A9248FC0E90043487A /* Debug */ = {
			isa = XCBuildConfiguration;
			baseConfigurationReference = CFE132395DAC7C1F36850138 /* Pods-SampleApp.debug.xcconfig */;
			buildSettings = {
				ASSETCATALOG_COMPILER_APPICON_NAME = AppIcon;
				CODE_SIGN_STYLE = Automatic;
				DEVELOPMENT_TEAM = MXY63KVCWZ;
				INFOPLIST_FILE = SampleApp/Info.plist;
				LD_RUNPATH_SEARCH_PATHS = (
					"$(inherited)",
					"@executable_path/Frameworks",
				);
				PRODUCT_BUNDLE_IDENTIFIER = com.sunanda.SampleApp;
				PRODUCT_NAME = "$(TARGET_NAME)";
				SWIFT_VERSION = 5.0;
				TARGETED_DEVICE_FAMILY = "1,2";
			};
			name = Debug;
		};
		5F4640AA248FC0E90043487A /* Release */ = {
			isa = XCBuildConfiguration;
			baseConfigurationReference = ABCA46C34B7BD3E5F81BB110 /* Pods-SampleApp.release.xcconfig */;
			buildSettings = {
				ASSETCATALOG_COMPILER_APPICON_NAME = AppIcon;
				CODE_SIGN_STYLE = Automatic;
				DEVELOPMENT_TEAM = MXY63KVCWZ;
				INFOPLIST_FILE = SampleApp/Info.plist;
				LD_RUNPATH_SEARCH_PATHS = (
					"$(inherited)",
					"@executable_path/Frameworks",
				);
				PRODUCT_BUNDLE_IDENTIFIER = com.sunanda.SampleApp;
				PRODUCT_NAME = "$(TARGET_NAME)";
				SWIFT_VERSION = 5.0;
				TARGETED_DEVICE_FAMILY = "1,2";
			};
			name = Release;
		};
		5F4640AC248FC0E90043487A /* Debug */ = {
			isa = XCBuildConfiguration;
			baseConfigurationReference = 3E76A9B86B3DB18C9FB579B1 /* Pods-SampleAppTests.debug.xcconfig */;
			buildSettings = {
				ALWAYS_EMBED_SWIFT_STANDARD_LIBRARIES = YES;
				BUNDLE_LOADER = "$(TEST_HOST)";
				CODE_SIGN_STYLE = Automatic;
				DEVELOPMENT_TEAM = MXY63KVCWZ;
				INFOPLIST_FILE = SampleAppTests/Info.plist;
				IPHONEOS_DEPLOYMENT_TARGET = 13.4;
				LD_RUNPATH_SEARCH_PATHS = (
					"$(inherited)",
					"@executable_path/Frameworks",
					"@loader_path/Frameworks",
				);
				PRODUCT_BUNDLE_IDENTIFIER = com.gainsight.SampleAppTests;
				PRODUCT_NAME = "$(TARGET_NAME)";
				SWIFT_VERSION = 5.0;
				TARGETED_DEVICE_FAMILY = "1,2";
				TEST_HOST = "$(BUILT_PRODUCTS_DIR)/SampleApp.app/SampleApp";
			};
			name = Debug;
		};
		5F4640AD248FC0E90043487A /* Release */ = {
			isa = XCBuildConfiguration;
			baseConfigurationReference = 741E9A827BF83AFE80630CEF /* Pods-SampleAppTests.release.xcconfig */;
			buildSettings = {
				ALWAYS_EMBED_SWIFT_STANDARD_LIBRARIES = YES;
				BUNDLE_LOADER = "$(TEST_HOST)";
				CODE_SIGN_STYLE = Automatic;
				DEVELOPMENT_TEAM = MXY63KVCWZ;
				INFOPLIST_FILE = SampleAppTests/Info.plist;
				IPHONEOS_DEPLOYMENT_TARGET = 13.4;
				LD_RUNPATH_SEARCH_PATHS = (
					"$(inherited)",
					"@executable_path/Frameworks",
					"@loader_path/Frameworks",
				);
				PRODUCT_BUNDLE_IDENTIFIER = com.gainsight.SampleAppTests;
				PRODUCT_NAME = "$(TARGET_NAME)";
				SWIFT_VERSION = 5.0;
				TARGETED_DEVICE_FAMILY = "1,2";
				TEST_HOST = "$(BUILT_PRODUCTS_DIR)/SampleApp.app/SampleApp";
			};
			name = Release;
		};
		5F4640AF248FC0E90043487A /* Debug */ = {
			isa = XCBuildConfiguration;
			baseConfigurationReference = FD6B0E06664189388C31892E /* Pods-SampleApp-SampleAppUITests.debug.xcconfig */;
			buildSettings = {
				ALWAYS_EMBED_SWIFT_STANDARD_LIBRARIES = YES;
				CODE_SIGN_STYLE = Automatic;
				DEVELOPMENT_TEAM = MXY63KVCWZ;
				INFOPLIST_FILE = SampleAppUITests/Info.plist;
				LD_RUNPATH_SEARCH_PATHS = (
					"$(inherited)",
					"@executable_path/Frameworks",
					"@loader_path/Frameworks",
				);
				PRODUCT_BUNDLE_IDENTIFIER = com.gainsight.SampleAppUITests;
				PRODUCT_NAME = "$(TARGET_NAME)";
				SWIFT_VERSION = 5.0;
				TARGETED_DEVICE_FAMILY = "1,2";
				TEST_TARGET_NAME = SampleApp;
			};
			name = Debug;
		};
		5F4640B0248FC0E90043487A /* Release */ = {
			isa = XCBuildConfiguration;
			baseConfigurationReference = 2DE56BD6E53273FBC9441A42 /* Pods-SampleApp-SampleAppUITests.release.xcconfig */;
			buildSettings = {
				ALWAYS_EMBED_SWIFT_STANDARD_LIBRARIES = YES;
				CODE_SIGN_STYLE = Automatic;
				DEVELOPMENT_TEAM = MXY63KVCWZ;
				INFOPLIST_FILE = SampleAppUITests/Info.plist;
				LD_RUNPATH_SEARCH_PATHS = (
					"$(inherited)",
					"@executable_path/Frameworks",
					"@loader_path/Frameworks",
				);
				PRODUCT_BUNDLE_IDENTIFIER = com.gainsight.SampleAppUITests;
				PRODUCT_NAME = "$(TARGET_NAME)";
				SWIFT_VERSION = 5.0;
				TARGETED_DEVICE_FAMILY = "1,2";
				TEST_TARGET_NAME = SampleApp;
			};
			name = Release;
		};
/* End XCBuildConfiguration section */

/* Begin XCConfigurationList section */
		5F464079248FC0E80043487A /* Build configuration list for PBXProject "SampleApp" */ = {
			isa = XCConfigurationList;
			buildConfigurations = (
				5F4640A6248FC0E90043487A /* Debug */,
				5F4640A7248FC0E90043487A /* Release */,
			);
			defaultConfigurationIsVisible = 0;
			defaultConfigurationName = Release;
		};
		5F4640A8248FC0E90043487A /* Build configuration list for PBXNativeTarget "SampleApp" */ = {
			isa = XCConfigurationList;
			buildConfigurations = (
				5F4640A9248FC0E90043487A /* Debug */,
				5F4640AA248FC0E90043487A /* Release */,
			);
			defaultConfigurationIsVisible = 0;
			defaultConfigurationName = Release;
		};
		5F4640AB248FC0E90043487A /* Build configuration list for PBXNativeTarget "SampleAppTests" */ = {
			isa = XCConfigurationList;
			buildConfigurations = (
				5F4640AC248FC0E90043487A /* Debug */,
				5F4640AD248FC0E90043487A /* Release */,
			);
			defaultConfigurationIsVisible = 0;
			defaultConfigurationName = Release;
		};
		5F4640AE248FC0E90043487A /* Build configuration list for PBXNativeTarget "SampleAppUITests" */ = {
			isa = XCConfigurationList;
			buildConfigurations = (
				5F4640AF248FC0E90043487A /* Debug */,
				5F4640B0248FC0E90043487A /* Release */,
			);
			defaultConfigurationIsVisible = 0;
			defaultConfigurationName = Release;
		};
/* End XCConfigurationList section */
	};
	rootObject = 5F464076248FC0E80043487A /* Project object */;
}
